{
  "name": "herramientas",
  "version": "1.0.0",
  "lockfileVersion": 3,
  "requires": true,
  "packages": {
    "": {
      "name": "herramientas",
      "version": "1.0.0",
      "license": "MIT",
      "dependencies": {
        "fechas_esteban_arbelaez": "^1.0.0"
      }
    },
    "node_modules/fechas_esteban_arbelaez": {
      "version": "1.0.0",
      "resolved": "https://registry.npmjs.org/fechas_esteban_arbelaez/-/fechas_esteban_arbelaez-1.0.0.tgz",
      "integrity": "sha512-yw7Mn4Gey5jphLfMm/4a0kzwapVbEUf6WA8vXrkOpy2KsutBJGu+U4oNTnM/EsoGB6XY8kpQ2EuAAtnmLYB37Q==",
      "license": "MIT"
    }
  }
}
